// !$*UTF8*$!
{
	archiveVersion = 1;
	classes = {
	};
	objectVersion = 55;
	objects = {

/* Begin PBXBuildFile section */
		5D2CB5C3297E6E50007A8B1A /* Secrets.swift in Sources */ = {isa = PBXBuildFile; fileRef = 5D2CB5C2297E6E4F007A8B1A /* Secrets.swift */; };
		5D9FA66E297485F50038FA18 /* AppDelegate.swift in Sources */ = {isa = PBXBuildFile; fileRef = 5D9FA66D297485F50038FA18 /* AppDelegate.swift */; };
		5D9FA670297485F50038FA18 /* SceneDelegate.swift in Sources */ = {isa = PBXBuildFile; fileRef = 5D9FA66F297485F50038FA18 /* SceneDelegate.swift */; };
		5D9FA677297485F60038FA18 /* Assets.xcassets in Resources */ = {isa = PBXBuildFile; fileRef = 5D9FA676297485F60038FA18 /* Assets.xcassets */; };
		5D9FA67A297485F60038FA18 /* LaunchScreen.storyboard in Resources */ = {isa = PBXBuildFile; fileRef = 5D9FA678297485F60038FA18 /* LaunchScreen.storyboard */; };
		5D9FA683297487730038FA18 /* Alamofire in Frameworks */ = {isa = PBXBuildFile; productRef = 5D9FA682297487730038FA18 /* Alamofire */; };
		5D9FA686297488B70038FA18 /* Kingfisher in Frameworks */ = {isa = PBXBuildFile; productRef = 5D9FA685297488B70038FA18 /* Kingfisher */; };
		5D9FA688297494510038FA18 /* FilmsTableVC.swift in Sources */ = {isa = PBXBuildFile; fileRef = 5D9FA687297494510038FA18 /* FilmsTableVC.swift */; };
		5DB696302979D26F00D6D331 /* FilmsTableVM.swift in Sources */ = {isa = PBXBuildFile; fileRef = 5DB6962F2979D26F00D6D331 /* FilmsTableVM.swift */; };
		5DB696322979D2A900D6D331 /* Sort.swift in Sources */ = {isa = PBXBuildFile; fileRef = 5DB696312979D2A900D6D331 /* Sort.swift */; };
		5DB696342979D2F200D6D331 /* ApiManager.swift in Sources */ = {isa = PBXBuildFile; fileRef = 5DB696332979D2F200D6D331 /* ApiManager.swift */; };
		5DB696362979D4E600D6D331 /* FilmTableCell.swift in Sources */ = {isa = PBXBuildFile; fileRef = 5DB696352979D4E600D6D331 /* FilmTableCell.swift */; };
		5DDC5B86297DB3AE007B7D7F /* UIView+Extensions.swift in Sources */ = {isa = PBXBuildFile; fileRef = 5DDC5B85297DB3AE007B7D7F /* UIView+Extensions.swift */; };
		5DDC5B88297DB74D007B7D7F /* YTVideoVC.swift in Sources */ = {isa = PBXBuildFile; fileRef = 5DDC5B87297DB74D007B7D7F /* YTVideoVC.swift */; };
		5DDC5B8A297DB991007B7D7F /* UserDefaults+Extension.swift in Sources */ = {isa = PBXBuildFile; fileRef = 5DDC5B89297DB991007B7D7F /* UserDefaults+Extension.swift */; };
		5DDC5B8D297DB9C3007B7D7F /* Genre.swift in Sources */ = {isa = PBXBuildFile; fileRef = 5DDC5B8C297DB9C3007B7D7F /* Genre.swift */; };
		5DDC5B8F297DB9D7007B7D7F /* Video.swift in Sources */ = {isa = PBXBuildFile; fileRef = 5DDC5B8E297DB9D7007B7D7F /* Video.swift */; };
		5DDC5B92297DBAA1007B7D7F /* Film.swift in Sources */ = {isa = PBXBuildFile; fileRef = 5DDC5B91297DBAA1007B7D7F /* Film.swift */; };
		5DDC5B95297DC062007B7D7F /* Foundation+Extensions.swift in Sources */ = {isa = PBXBuildFile; fileRef = 5DDC5B94297DC062007B7D7F /* Foundation+Extensions.swift */; };
		5DFCB742297D427F003A0F60 /* FilmDetailsVC.swift in Sources */ = {isa = PBXBuildFile; fileRef = 5DFCB741297D427F003A0F60 /* FilmDetailsVC.swift */; };
		5DFCB744297D4DEC003A0F60 /* FilmDetailsVM.swift in Sources */ = {isa = PBXBuildFile; fileRef = 5DFCB743297D4DEC003A0F60 /* FilmDetailsVM.swift */; };
		5DFCB74A297D9425003A0F60 /* ImageScrollVC.swift in Sources */ = {isa = PBXBuildFile; fileRef = 5DFCB749297D9425003A0F60 /* ImageScrollVC.swift */; };
/* End PBXBuildFile section */

/* Begin PBXFileReference section */
		5D2CB5C1297E683D007A8B1A /* README.md */ = {isa = PBXFileReference; lastKnownFileType = net.daringfireball.markdown; path = README.md; sourceTree = "<group>"; };
		5D2CB5C2297E6E4F007A8B1A /* Secrets.swift */ = {isa = PBXFileReference; lastKnownFileType = sourcecode.swift; path = Secrets.swift; sourceTree = "<group>"; };
		5D9FA66A297485F50038FA18 /* PopularFilms.app */ = {isa = PBXFileReference; explicitFileType = wrapper.application; includeInIndex = 0; path = PopularFilms.app; sourceTree = BUILT_PRODUCTS_DIR; };
		5D9FA66D297485F50038FA18 /* AppDelegate.swift */ = {isa = PBXFileReference; lastKnownFileType = sourcecode.swift; path = AppDelegate.swift; sourceTree = "<group>"; };
		5D9FA66F297485F50038FA18 /* SceneDelegate.swift */ = {isa = PBXFileReference; lastKnownFileType = sourcecode.swift; path = SceneDelegate.swift; sourceTree = "<group>"; };
		5D9FA676297485F60038FA18 /* Assets.xcassets */ = {isa = PBXFileReference; lastKnownFileType = folder.assetcatalog; path = Assets.xcassets; sourceTree = "<group>"; };
		5D9FA679297485F60038FA18 /* Base */ = {isa = PBXFileReference; lastKnownFileType = file.storyboard; name = Base; path = Base.lproj/LaunchScreen.storyboard; sourceTree = "<group>"; };
		5D9FA67B297485F60038FA18 /* Info.plist */ = {isa = PBXFileReference; lastKnownFileType = text.plist.xml; path = Info.plist; sourceTree = "<group>"; };
		5D9FA687297494510038FA18 /* FilmsTableVC.swift */ = {isa = PBXFileReference; lastKnownFileType = sourcecode.swift; path = FilmsTableVC.swift; sourceTree = "<group>"; };
		5DB6962F2979D26F00D6D331 /* FilmsTableVM.swift */ = {isa = PBXFileReference; lastKnownFileType = sourcecode.swift; path = FilmsTableVM.swift; sourceTree = "<group>"; };
		5DB696312979D2A900D6D331 /* Sort.swift */ = {isa = PBXFileReference; lastKnownFileType = sourcecode.swift; path = Sort.swift; sourceTree = "<group>"; };
		5DB696332979D2F200D6D331 /* ApiManager.swift */ = {isa = PBXFileReference; lastKnownFileType = sourcecode.swift; path = ApiManager.swift; sourceTree = "<group>"; };
		5DB696352979D4E600D6D331 /* FilmTableCell.swift */ = {isa = PBXFileReference; lastKnownFileType = sourcecode.swift; path = FilmTableCell.swift; sourceTree = "<group>"; };
		5DDC5B85297DB3AE007B7D7F /* UIView+Extensions.swift */ = {isa = PBXFileReference; lastKnownFileType = sourcecode.swift; path = "UIView+Extensions.swift"; sourceTree = "<group>"; };
		5DDC5B87297DB74D007B7D7F /* YTVideoVC.swift */ = {isa = PBXFileReference; lastKnownFileType = sourcecode.swift; path = YTVideoVC.swift; sourceTree = "<group>"; };
		5DDC5B89297DB991007B7D7F /* UserDefaults+Extension.swift */ = {isa = PBXFileReference; lastKnownFileType = sourcecode.swift; path = "UserDefaults+Extension.swift"; sourceTree = "<group>"; };
		5DDC5B8C297DB9C3007B7D7F /* Genre.swift */ = {isa = PBXFileReference; lastKnownFileType = sourcecode.swift; path = Genre.swift; sourceTree = "<group>"; };
		5DDC5B8E297DB9D7007B7D7F /* Video.swift */ = {isa = PBXFileReference; lastKnownFileType = sourcecode.swift; path = Video.swift; sourceTree = "<group>"; };
		5DDC5B91297DBAA1007B7D7F /* Film.swift */ = {isa = PBXFileReference; lastKnownFileType = sourcecode.swift; path = Film.swift; sourceTree = "<group>"; };
		5DDC5B94297DC062007B7D7F /* Foundation+Extensions.swift */ = {isa = PBXFileReference; lastKnownFileType = sourcecode.swift; path = "Foundation+Extensions.swift"; sourceTree = "<group>"; };
		5DFCB741297D427F003A0F60 /* FilmDetailsVC.swift */ = {isa = PBXFileReference; lastKnownFileType = sourcecode.swift; path = FilmDetailsVC.swift; sourceTree = "<group>"; };
		5DFCB743297D4DEC003A0F60 /* FilmDetailsVM.swift */ = {isa = PBXFileReference; lastKnownFileType = sourcecode.swift; path = FilmDetailsVM.swift; sourceTree = "<group>"; };
		5DFCB749297D9425003A0F60 /* ImageScrollVC.swift */ = {isa = PBXFileReference; lastKnownFileType = sourcecode.swift; path = ImageScrollVC.swift; sourceTree = "<group>"; };
/* End PBXFileReference section */

/* Begin PBXFrameworksBuildPhase section */
		5D9FA667297485F50038FA18 /* Frameworks */ = {
			isa = PBXFrameworksBuildPhase;
			buildActionMask = 2147483647;
			files = (
				5D9FA686297488B70038FA18 /* Kingfisher in Frameworks */,
				5D9FA683297487730038FA18 /* Alamofire in Frameworks */,
			);
			runOnlyForDeploymentPostprocessing = 0;
		};
/* End PBXFrameworksBuildPhase section */

/* Begin PBXGroup section */
		5D9FA661297485F40038FA18 = {
			isa = PBXGroup;
			children = (
				5D2CB5C1297E683D007A8B1A /* README.md */,
				5D9FA66C297485F50038FA18 /* PopularFilms */,
				5D9FA66B297485F50038FA18 /* Products */,
			);
			sourceTree = "<group>";
		};
		5D9FA66B297485F50038FA18 /* Products */ = {
			isa = PBXGroup;
			children = (
				5D9FA66A297485F50038FA18 /* PopularFilms.app */,
			);
			name = Products;
			sourceTree = "<group>";
		};
		5D9FA66C297485F50038FA18 /* PopularFilms */ = {
			isa = PBXGroup;
			children = (
				5D2CB5C2297E6E4F007A8B1A /* Secrets.swift */,
				5D9FA67B297485F60038FA18 /* Info.plist */,
				5D9FA66D297485F50038FA18 /* AppDelegate.swift */,
				5D9FA66F297485F50038FA18 /* SceneDelegate.swift */,
				5DB696332979D2F200D6D331 /* ApiManager.swift */,
				5DDC5B93297DBAB8007B7D7F /* Model */,
				5DFCB748297D7703003A0F60 /* Films Table */,
				5DFCB747297D76F0003A0F60 /* Film Details */,
				5DDC5B84297DB0A3007B7D7F /* Simple Screens */,
				5DDC5B8B297DB9B3007B7D7F /* Extensions */,
				5DDC5B90297DBA8E007B7D7F /* Resources */,
			);
			path = PopularFilms;
			sourceTree = "<group>";
		};
		5DDC5B84297DB0A3007B7D7F /* Simple Screens */ = {
			isa = PBXGroup;
			children = (
				5DFCB749297D9425003A0F60 /* ImageScrollVC.swift */,
				5DDC5B87297DB74D007B7D7F /* YTVideoVC.swift */,
			);
			path = "Simple Screens";
			sourceTree = "<group>";
		};
		5DDC5B8B297DB9B3007B7D7F /* Extensions */ = {
			isa = PBXGroup;
			children = (
				5DDC5B94297DC062007B7D7F /* Foundation+Extensions.swift */,
				5DDC5B85297DB3AE007B7D7F /* UIView+Extensions.swift */,
				5DDC5B89297DB991007B7D7F /* UserDefaults+Extension.swift */,
			);
			path = Extensions;
			sourceTree = "<group>";
		};
		5DDC5B90297DBA8E007B7D7F /* Resources */ = {
			isa = PBXGroup;
			children = (
				5D9FA676297485F60038FA18 /* Assets.xcassets */,
				5D9FA678297485F60038FA18 /* LaunchScreen.storyboard */,
			);
			path = Resources;
			sourceTree = "<group>";
		};
		5DDC5B93297DBAB8007B7D7F /* Model */ = {
			isa = PBXGroup;
			children = (
				5DB696312979D2A900D6D331 /* Sort.swift */,
				5DDC5B91297DBAA1007B7D7F /* Film.swift */,
				5DDC5B8C297DB9C3007B7D7F /* Genre.swift */,
				5DDC5B8E297DB9D7007B7D7F /* Video.swift */,
			);
			path = Model;
			sourceTree = "<group>";
		};
		5DFCB747297D76F0003A0F60 /* Film Details */ = {
			isa = PBXGroup;
			children = (
				5DFCB741297D427F003A0F60 /* FilmDetailsVC.swift */,
				5DFCB743297D4DEC003A0F60 /* FilmDetailsVM.swift */,
			);
			path = "Film Details";
			sourceTree = "<group>";
		};
		5DFCB748297D7703003A0F60 /* Films Table */ = {
			isa = PBXGroup;
			children = (
				5DB696352979D4E600D6D331 /* FilmTableCell.swift */,
				5D9FA687297494510038FA18 /* FilmsTableVC.swift */,
				5DB6962F2979D26F00D6D331 /* FilmsTableVM.swift */,
			);
			path = "Films Table";
			sourceTree = "<group>";
		};
/* End PBXGroup section */

/* Begin PBXNativeTarget section */
		5D9FA669297485F50038FA18 /* PopularFilms */ = {
			isa = PBXNativeTarget;
			buildConfigurationList = 5D9FA67E297485F60038FA18 /* Build configuration list for PBXNativeTarget "PopularFilms" */;
			buildPhases = (
				5D9FA666297485F50038FA18 /* Sources */,
				5D9FA667297485F50038FA18 /* Frameworks */,
				5D9FA668297485F50038FA18 /* Resources */,
			);
			buildRules = (
			);
			dependencies = (
			);
			name = PopularFilms;
			packageProductDependencies = (
				5D9FA682297487730038FA18 /* Alamofire */,
				5D9FA685297488B70038FA18 /* Kingfisher */,
			);
			productName = PopularFilms;
			productReference = 5D9FA66A297485F50038FA18 /* PopularFilms.app */;
			productType = "com.apple.product-type.application";
		};
/* End PBXNativeTarget section */

/* Begin PBXProject section */
		5D9FA662297485F40038FA18 /* Project object */ = {
			isa = PBXProject;
			attributes = {
				BuildIndependentTargetsInParallel = 1;
				LastSwiftUpdateCheck = 1320;
				LastUpgradeCheck = 1320;
				TargetAttributes = {
					5D9FA669297485F50038FA18 = {
						CreatedOnToolsVersion = 13.2.1;
					};
				};
			};
			buildConfigurationList = 5D9FA665297485F40038FA18 /* Build configuration list for PBXProject "PopularFilms" */;
			compatibilityVersion = "Xcode 13.0";
			developmentRegion = en;
			hasScannedForEncodings = 0;
			knownRegions = (
				en,
				Base,
			);
			mainGroup = 5D9FA661297485F40038FA18;
			packageReferences = (
				5D9FA681297487730038FA18 /* XCRemoteSwiftPackageReference "Alamofire" */,
				5D9FA684297488B70038FA18 /* XCRemoteSwiftPackageReference "Kingfisher" */,
			);
			productRefGroup = 5D9FA66B297485F50038FA18 /* Products */;
			projectDirPath = "";
			projectRoot = "";
			targets = (
				5D9FA669297485F50038FA18 /* PopularFilms */,
			);
		};
/* End PBXProject section */

/* Begin PBXResourcesBuildPhase section */
		5D9FA668297485F50038FA18 /* Resources */ = {
			isa = PBXResourcesBuildPhase;
			buildActionMask = 2147483647;
			files = (
				5D9FA67A297485F60038FA18 /* LaunchScreen.storyboard in Resources */,
				5D9FA677297485F60038FA18 /* Assets.xcassets in Resources */,
			);
			runOnlyForDeploymentPostprocessing = 0;
		};
/* End PBXResourcesBuildPhase section */

/* Begin PBXSourcesBuildPhase section */
		5D9FA666297485F50038FA18 /* Sources */ = {
			isa = PBXSourcesBuildPhase;
			buildActionMask = 2147483647;
			files = (
				5DB696322979D2A900D6D331 /* Sort.swift in Sources */,
				5D2CB5C3297E6E50007A8B1A /* Secrets.swift in Sources */,
				5DB696302979D26F00D6D331 /* FilmsTableVM.swift in Sources */,
				5DB696362979D4E600D6D331 /* FilmTableCell.swift in Sources */,
				5DDC5B88297DB74D007B7D7F /* YTVideoVC.swift in Sources */,
				5DDC5B8F297DB9D7007B7D7F /* Video.swift in Sources */,
				5D9FA66E297485F50038FA18 /* AppDelegate.swift in Sources */,
				5D9FA670297485F50038FA18 /* SceneDelegate.swift in Sources */,
				5DFCB742297D427F003A0F60 /* FilmDetailsVC.swift in Sources */,
				5DDC5B86297DB3AE007B7D7F /* UIView+Extensions.swift in Sources */,
				5DB696342979D2F200D6D331 /* ApiManager.swift in Sources */,
				5DDC5B95297DC062007B7D7F /* Foundation+Extensions.swift in Sources */,
				5DDC5B8A297DB991007B7D7F /* UserDefaults+Extension.swift in Sources */,
				5DFCB74A297D9425003A0F60 /* ImageScrollVC.swift in Sources */,
				5DFCB744297D4DEC003A0F60 /* FilmDetailsVM.swift in Sources */,
				5DDC5B92297DBAA1007B7D7F /* Film.swift in Sources */,
				5D9FA688297494510038FA18 /* FilmsTableVC.swift in Sources */,
				5DDC5B8D297DB9C3007B7D7F /* Genre.swift in Sources */,
			);
			runOnlyForDeploymentPostprocessing = 0;
		};
/* End PBXSourcesBuildPhase section */

/* Begin PBXVariantGroup section */
		5D9FA678297485F60038FA18 /* LaunchScreen.storyboard */ = {
			isa = PBXVariantGroup;
			children = (
				5D9FA679297485F60038FA18 /* Base */,
			);
			name = LaunchScreen.storyboard;
			sourceTree = "<group>";
		};
/* End PBXVariantGroup section */

/* Begin XCBuildConfiguration section */
		5D9FA67C297485F60038FA18 /* Debug */ = {
			isa = XCBuildConfiguration;
			buildSettings = {
				ALWAYS_SEARCH_USER_PATHS = NO;
				CLANG_ANALYZER_NONNULL = YES;
				CLANG_ANALYZER_NUMBER_OBJECT_CONVERSION = YES_AGGRESSIVE;
				CLANG_CXX_LANGUAGE_STANDARD = "gnu++17";
				CLANG_CXX_LIBRARY = "libc++";
				CLANG_ENABLE_MODULES = YES;
				CLANG_ENABLE_OBJC_ARC = YES;
				CLANG_ENABLE_OBJC_WEAK = YES;
				CLANG_WARN_BLOCK_CAPTURE_AUTORELEASING = YES;
				CLANG_WARN_BOOL_CONVERSION = YES;
				CLANG_WARN_COMMA = YES;
				CLANG_WARN_CONSTANT_CONVERSION = YES;
				CLANG_WARN_DEPRECATED_OBJC_IMPLEMENTATIONS = YES;
				CLANG_WARN_DIRECT_OBJC_ISA_USAGE = YES_ERROR;
				CLANG_WARN_DOCUMENTATION_COMMENTS = YES;
				CLANG_WARN_EMPTY_BODY = YES;
				CLANG_WARN_ENUM_CONVERSION = YES;
				CLANG_WARN_INFINITE_RECURSION = YES;
				CLANG_WARN_INT_CONVERSION = YES;
				CLANG_WARN_NON_LITERAL_NULL_CONVERSION = YES;
				CLANG_WARN_OBJC_IMPLICIT_RETAIN_SELF = YES;
				CLANG_WARN_OBJC_LITERAL_CONVERSION = YES;
				CLANG_WARN_OBJC_ROOT_CLASS = YES_ERROR;
				CLANG_WARN_QUOTED_INCLUDE_IN_FRAMEWORK_HEADER = YES;
				CLANG_WARN_RANGE_LOOP_ANALYSIS = YES;
				CLANG_WARN_STRICT_PROTOTYPES = YES;
				CLANG_WARN_SUSPICIOUS_MOVE = YES;
				CLANG_WARN_UNGUARDED_AVAILABILITY = YES_AGGRESSIVE;
				CLANG_WARN_UNREACHABLE_CODE = YES;
				CLANG_WARN__DUPLICATE_METHOD_MATCH = YES;
				COPY_PHASE_STRIP = NO;
				DEBUG_INFORMATION_FORMAT = dwarf;
				ENABLE_STRICT_OBJC_MSGSEND = YES;
				ENABLE_TESTABILITY = YES;
				GCC_C_LANGUAGE_STANDARD = gnu11;
				GCC_DYNAMIC_NO_PIC = NO;
				GCC_NO_COMMON_BLOCKS = YES;
				GCC_OPTIMIZATION_LEVEL = 0;
				GCC_PREPROCESSOR_DEFINITIONS = (
					"DEBUG=1",
					"$(inherited)",
				);
				GCC_WARN_64_TO_32_BIT_CONVERSION = YES;
				GCC_WARN_ABOUT_RETURN_TYPE = YES_ERROR;
				GCC_WARN_UNDECLARED_SELECTOR = YES;
				GCC_WARN_UNINITIALIZED_AUTOS = YES_AGGRESSIVE;
				GCC_WARN_UNUSED_FUNCTION = YES;
				GCC_WARN_UNUSED_VARIABLE = YES;
				IPHONEOS_DEPLOYMENT_TARGET = 15.2;
				MTL_ENABLE_DEBUG_INFO = INCLUDE_SOURCE;
				MTL_FAST_MATH = YES;
				ONLY_ACTIVE_ARCH = YES;
				SDKROOT = iphoneos;
				SWIFT_ACTIVE_COMPILATION_CONDITIONS = DEBUG;
				SWIFT_OPTIMIZATION_LEVEL = "-Onone";
			};
			name = Debug;
		};
		5D9FA67D297485F60038FA18 /* Release */ = {
			isa = XCBuildConfiguration;
			buildSettings = {
				ALWAYS_SEARCH_USER_PATHS = NO;
				CLANG_ANALYZER_NONNULL = YES;
				CLANG_ANALYZER_NUMBER_OBJECT_CONVERSION = YES_AGGRESSIVE;
				CLANG_CXX_LANGUAGE_STANDARD = "gnu++17";
				CLANG_CXX_LIBRARY = "libc++";
				CLANG_ENABLE_MODULES = YES;
				CLANG_ENABLE_OBJC_ARC = YES;
				CLANG_ENABLE_OBJC_WEAK = YES;
				CLANG_WARN_BLOCK_CAPTURE_AUTORELEASING = YES;
				CLANG_WARN_BOOL_CONVERSION = YES;
				CLANG_WARN_COMMA = YES;
				CLANG_WARN_CONSTANT_CONVERSION = YES;
				CLANG_WARN_DEPRECATED_OBJC_IMPLEMENTATIONS = YES;
				CLANG_WARN_DIRECT_OBJC_ISA_USAGE = YES_ERROR;
				CLANG_WARN_DOCUMENTATION_COMMENTS = YES;
				CLANG_WARN_EMPTY_BODY = YES;
				CLANG_WARN_ENUM_CONVERSION = YES;
				CLANG_WARN_INFINITE_RECURSION = YES;
				CLANG_WARN_INT_CONVERSION = YES;
				CLANG_WARN_NON_LITERAL_NULL_CONVERSION = YES;
				CLANG_WARN_OBJC_IMPLICIT_RETAIN_SELF = YES;
				CLANG_WARN_OBJC_LITERAL_CONVERSION = YES;
				CLANG_WARN_OBJC_ROOT_CLASS = YES_ERROR;
				CLANG_WARN_QUOTED_INCLUDE_IN_FRAMEWORK_HEADER = YES;
				CLANG_WARN_RANGE_LOOP_ANALYSIS = YES;
				CLANG_WARN_STRICT_PROTOTYPES = YES;
				CLANG_WARN_SUSPICIOUS_MOVE = YES;
				CLANG_WARN_UNGUARDED_AVAILABILITY = YES_AGGRESSIVE;
				CLANG_WARN_UNREACHABLE_CODE = YES;
				CLANG_WARN__DUPLICATE_METHOD_MATCH = YES;
				COPY_PHASE_STRIP = NO;
				DEBUG_INFORMATION_FORMAT = "dwarf-with-dsym";
				ENABLE_NS_ASSERTIONS = NO;
				ENABLE_STRICT_OBJC_MSGSEND = YES;
				GCC_C_LANGUAGE_STANDARD = gnu11;
				GCC_NO_COMMON_BLOCKS = YES;
				GCC_WARN_64_TO_32_BIT_CONVERSION = YES;
				GCC_WARN_ABOUT_RETURN_TYPE = YES_ERROR;
				GCC_WARN_UNDECLARED_SELECTOR = YES;
				GCC_WARN_UNINITIALIZED_AUTOS = YES_AGGRESSIVE;
				GCC_WARN_UNUSED_FUNCTION = YES;
				GCC_WARN_UNUSED_VARIABLE = YES;
				IPHONEOS_DEPLOYMENT_TARGET = 15.2;
				MTL_ENABLE_DEBUG_INFO = NO;
				MTL_FAST_MATH = YES;
				SDKROOT = iphoneos;
				SWIFT_COMPILATION_MODE = wholemodule;
				SWIFT_OPTIMIZATION_LEVEL = "-O";
				VALIDATE_PRODUCT = YES;
			};
			name = Release;
		};
		5D9FA67F297485F60038FA18 /* Debug */ = {
			isa = XCBuildConfiguration;
			buildSettings = {
				ASSETCATALOG_COMPILER_APPICON_NAME = AppIcon;
				ASSETCATALOG_COMPILER_GLOBAL_ACCENT_COLOR_NAME = AccentColor;
				CODE_SIGN_STYLE = Automatic;
				CURRENT_PROJECT_VERSION = 1;
				DEVELOPMENT_TEAM = 3G24782ZXQ;
				GENERATE_INFOPLIST_FILE = YES;
				INFOPLIST_FILE = PopularFilms/Info.plist;
				INFOPLIST_KEY_UIApplicationSupportsIndirectInputEvents = YES;
				INFOPLIST_KEY_UILaunchStoryboardName = LaunchScreen;
				INFOPLIST_KEY_UISupportedInterfaceOrientations = UIInterfaceOrientationPortrait;
				INFOPLIST_KEY_UISupportedInterfaceOrientations_iPad = "UIInterfaceOrientationPortrait UIInterfaceOrientationPortraitUpsideDown UIInterfaceOrientationLandscapeLeft UIInterfaceOrientationLandscapeRight";
				INFOPLIST_KEY_UISupportedInterfaceOrientations_iPhone = "UIInterfaceOrientationPortrait UIInterfaceOrientationLandscapeLeft UIInterfaceOrientationLandscapeRight";
				IPHONEOS_DEPLOYMENT_TARGET = 14.0;
				LD_RUNPATH_SEARCH_PATHS = (
					"$(inherited)",
					"@executable_path/Frameworks",
				);
				MARKETING_VERSION = 1.0;
				PRODUCT_BUNDLE_IDENTIFIER = com.pirogman.PopularFilms;
				PRODUCT_NAME = "$(TARGET_NAME)";
				SWIFT_EMIT_LOC_STRINGS = YES;
				SWIFT_VERSION = 5.0;
				TARGETED_DEVICE_FAMILY = 1;
			};
			name = Debug;
		};
		5D9FA680297485F60038FA18 /* Release */ = {
			isa = XCBuildConfiguration;
			buildSettings = {
				ASSETCATALOG_COMPILER_APPICON_NAME = AppIcon;
				ASSETCATALOG_COMPILER_GLOBAL_ACCENT_COLOR_NAME = AccentColor;
				CODE_SIGN_STYLE = Automatic;
				CURRENT_PROJECT_VERSION = 1;
				DEVELOPMENT_TEAM = 3G24782ZXQ;
				GENERATE_INFOPLIST_FILE = YES;
				INFOPLIST_FILE = PopularFilms/Info.plist;
				INFOPLIST_KEY_UIApplicationSupportsIndirectInputEvents = YES;
				INFOPLIST_KEY_UILaunchStoryboardName = LaunchScreen;
				INFOPLIST_KEY_UISupportedInterfaceOrientations = UIInterfaceOrientationPortrait;
				INFOPLIST_KEY_UISupportedInterfaceOrientations_iPad = "UIInterfaceOrientationPortrait UIInterfaceOrientationPortraitUpsideDown UIInterfaceOrientationLandscapeLeft UIInterfaceOrientationLandscapeRight";
				INFOPLIST_KEY_UISupportedInterfaceOrientations_iPhone = "UIInterfaceOrientationPortrait UIInterfaceOrientationLandscapeLeft UIInterfaceOrientationLandscapeRight";
				IPHONEOS_DEPLOYMENT_TARGET = 14.0;
				LD_RUNPATH_SEARCH_PATHS = (
					"$(inherited)",
					"@executable_path/Frameworks",
				);
				MARKETING_VERSION = 1.0;
				PRODUCT_BUNDLE_IDENTIFIER = com.pirogman.PopularFilms;
				PRODUCT_NAME = "$(TARGET_NAME)";
				SWIFT_EMIT_LOC_STRINGS = YES;
				SWIFT_VERSION = 5.0;
				TARGETED_DEVICE_FAMILY = 1;
			};
			name = Release;
		};
/* End XCBuildConfiguration section */

/* Begin XCConfigurationList section */
		5D9FA665297485F40038FA18 /* Build configuration list for PBXProject "PopularFilms" */ = {
			isa = XCConfigurationList;
			buildConfigurations = (
				5D9FA67C297485F60038FA18 /* Debug */,
				5D9FA67D297485F60038FA18 /* Release */,
			);
			defaultConfigurationIsVisible = 0;
			defaultConfigurationName = Release;
		};
		5D9FA67E297485F60038FA18 /* Build configuration list for PBXNativeTarget "PopularFilms" */ = {
			isa = XCConfigurationList;
			buildConfigurations = (
				5D9FA67F297485F60038FA18 /* Debug */,
				5D9FA680297485F60038FA18 /* Release */,
			);
			defaultConfigurationIsVisible = 0;
			defaultConfigurationName = Release;
		};
/* End XCConfigurationList section */

/* Begin XCRemoteSwiftPackageReference section */
		5D9FA681297487730038FA18 /* XCRemoteSwiftPackageReference "Alamofire" */ = {
			isa = XCRemoteSwiftPackageReference;
			repositoryURL = "https://github.com/Alamofire/Alamofire.git";
			requirement = {
				kind = upToNextMajorVersion;
				minimumVersion = 5.0.0;
			};
		};
		5D9FA684297488B70038FA18 /* XCRemoteSwiftPackageReference "Kingfisher" */ = {
			isa = XCRemoteSwiftPackageReference;
			repositoryURL = "https://github.com/onevcat/Kingfisher.git";
			requirement = {
				kind = upToNextMajorVersion;
				minimumVersion = 7.0.0;
			};
		};
/* End XCRemoteSwiftPackageReference section */

/* Begin XCSwiftPackageProductDependency section */
		5D9FA682297487730038FA18 /* Alamofire */ = {
			isa = XCSwiftPackageProductDependency;
			package = 5D9FA681297487730038FA18 /* XCRemoteSwiftPackageReference "Alamofire" */;
			productName = Alamofire;
		};
		5D9FA685297488B70038FA18 /* Kingfisher */ = {
			isa = XCSwiftPackageProductDependency;
			package = 5D9FA684297488B70038FA18 /* XCRemoteSwiftPackageReference "Kingfisher" */;
			productName = Kingfisher;
		};
/* End XCSwiftPackageProductDependency section */
	};
	rootObject = 5D9FA662297485F40038FA18 /* Project object */;
}
